
Microsoft Visual Studio Solution File, Format Version 12.00
Project("{FAE04EC0-301F-11D3-BF4B-00C04F79EFBC}") = "CornertoneManager", "CornertoneManager\CornertoneManager.csproj", "{B673209E-3E4B-4396-8047-A52CC8E1C6C9}"
EndProject
Project("{2150E333-8FDC-42A3-9474-1A3956D46DE8}") = "Solution Items", "Solution Items", "{53AC571A-FA46-4947-B6F6-0A6B9E8E5B2A}"
	ProjectSection(SolutionItems) = preProject
		docker-compose.yml = docker-compose.yml
	EndProjectSection
EndProject
Global
	GlobalSection(SolutionConfigurationPlatforms) = preSolution
		Debug|Any CPU = Debug|Any CPU
		Release|Any CPU = Release|Any CPU
	EndGlobalSection
	GlobalSection(ProjectConfigurationPlatforms) = postSolution
		{B673209E-3E4B-4396-8047-A52CC8E1C6C9}.Debug|Any CPU.ActiveCfg = Debug|Any CPU
		{B673209E-3E4B-4396-8047-A52CC8E1C6C9}.Debug|Any CPU.Build.0 = Debug|Any CPU
		{B673209E-3E4B-4396-8047-A52CC8E1C6C9}.Release|Any CPU.ActiveCfg = Release|Any CPU
		{B673209E-3E4B-4396-8047-A52CC8E1C6C9}.Release|Any CPU.Build.0 = Release|Any CPU
	EndGlobalSection
EndGlobal
